
Microsoft Visual Studio Solution File, Format Version 12.00
# Visual Studio Version 17
VisualStudioVersion = 17.7.34024.191
MinimumVisualStudioVersion = 10.0.40219.1
Project("{FAE04EC0-301F-11D3-BF4B-00C04F79EFBC}") = "MyFinalProject", "MyFinalProject.csproj", "{73821823-610A-426F-871A-C39DD17615CB}"
EndProject
Global
	GlobalSection(SolutionConfigurationPlatforms) = preSolution
		Debug|Any CPU = Debug|Any CPU
		Release|Any CPU = Release|Any CPU
	EndGlobalSection
	GlobalSection(ProjectConfigurationPlatforms) = postSolution
		{73821823-610A-426F-871A-C39DD17615CB}.Debug|Any CPU.ActiveCfg = Debug|Any CPU
		{73821823-610A-426F-871A-C39DD17615CB}.Debug|Any CPU.Build.0 = Debug|Any CPU
		{73821823-610A-426F-871A-C39DD17615CB}.Release|Any CPU.ActiveCfg = Release|Any CPU
		{73821823-610A-426F-871A-C39DD17615CB}.Release|Any CPU.Build.0 = Release|Any CPU
	EndGlobalSection
	GlobalSection(SolutionProperties) = preSolution
		HideSolutionNode = FALSE
	EndGlobalSection
	GlobalSection(ExtensibilityGlobals) = postSolution
		SolutionGuid = {754D533F-4F18-404E-A4DF-EDD1B88A9054}
	EndGlobalSection
EndGlobal
